
Microsoft Visual Studio Solution File, Format Version 12.00
# Visual Studio Version 17
VisualStudioVersion = 17.9.34728.123
MinimumVisualStudioVersion = 10.0.40219.1
Project("{FAE04EC0-301F-11D3-BF4B-00C04F79EFBC}") = "ETickets", "ETickets.csproj", "{BFA27E50-8370-4A70-ABE0-6EEFD8DD17C1}"
EndProject
Global
	GlobalSection(SolutionConfigurationPlatforms) = preSolution
		Debug|Any CPU = Debug|Any CPU
		Release|Any CPU = Release|Any CPU
	EndGlobalSection
	GlobalSection(ProjectConfigurationPlatforms) = postSolution
		{BFA27E50-8370-4A70-ABE0-6EEFD8DD17C1}.Debug|Any CPU.ActiveCfg = Debug|Any CPU
		{BFA27E50-8370-4A70-ABE0-6EEFD8DD17C1}.Debug|Any CPU.Build.0 = Debug|Any CPU
		{BFA27E50-8370-4A70-ABE0-6EEFD8DD17C1}.Release|Any CPU.ActiveCfg = Release|Any CPU
		{BFA27E50-8370-4A70-ABE0-6EEFD8DD17C1}.Release|Any CPU.Build.0 = Release|Any CPU
	EndGlobalSection
	GlobalSection(SolutionProperties) = preSolution
		HideSolutionNode = FALSE
	EndGlobalSection
	GlobalSection(ExtensibilityGlobals) = postSolution
		SolutionGuid = {B508E0CB-EE75-4EFC-9287-B2F2E601AE1D}
	EndGlobalSection
EndGlobal
